{
  "lockfile_version": "1",
  "packages": {
    "go@1.22.5": {
      "last_modified": "2024-08-14T11:41:26Z",
      "resolved": "github:NixOS/nixpkgs/0cb2fd7c59fed0cd82ef858cbcbdb552b9a33465#go",
      "source": "devbox-search",
      "version": "1.22.5",
      "systems": {
        "aarch64-darwin": {
          "outputs": [
            {
              "name": "out",
              "path": "/nix/store/p2i1kd6n12qj3s8kx65l3199mmjcffwz-go-1.22.5",
              "default": true
            }
          ],
          "store_path": "/nix/store/p2i1kd6n12qj3s8kx65l3199mmjcffwz-go-1.22.5"
        },
        "aarch64-linux": {
          "outputs": [
            {
              "name": "out",
              "path": "/nix/store/xvwr7mp9yqafl8pclayhrhdcxkszaf6d-go-1.22.5",
              "default": true
            }
          ],
          "store_path": "/nix/store/xvwr7mp9yqafl8pclayhrhdcxkszaf6d-go-1.22.5"
        },
        "x86_64-darwin": {
          "outputs": [
            {
              "name": "out",
              "path": "/nix/store/vkrmfnargqkzg5amlfl4yh8vgxja7pli-go-1.22.5",
              "default": true
            }
          ],
          "store_path": "/nix/store/vkrmfnargqkzg5amlfl4yh8vgxja7pli-go-1.22.5"
        },
        "x86_64-linux": {
          "outputs": [
            {
              "name": "out",
              "path": "/nix/store/4ay992wzksf59aapkkh5lflv4rkbmdjy-go-1.22.5",
              "default": true
            }
          ],
          "store_path": "/nix/store/4ay992wzksf59aapkkh5lflv4rkbmdjy-go-1.22.5"
        }
      }
    }
  }
}
